
Microsoft Visual Studio Solution File, Format Version 12.00
# Visual Studio Version 17
VisualStudioVersion = 17.8.34330.188
MinimumVisualStudioVersion = 10.0.40219.1
Project("{9A19103F-16F7-4668-BE54-9A1E7A4F7556}") = "Macros", "Macros\Macros.csproj", "{0F8B344B-D3A3-4E47-A27B-0332C633C8B1}"
EndProject
Project("{9A19103F-16F7-4668-BE54-9A1E7A4F7556}") = "AdmiralMotorMacro", "MacroMoneySupermarket\AdmiralMotorMacro.csproj", "{B1D1B59E-315A-4259-B049-70217327435A}"
EndProject
Global
	GlobalSection(SolutionConfigurationPlatforms) = preSolution
		Debug|Any CPU = Debug|Any CPU
		Release|Any CPU = Release|Any CPU
	EndGlobalSection
	GlobalSection(ProjectConfigurationPlatforms) = postSolution
		{0F8B344B-D3A3-4E47-A27B-0332C633C8B1}.Debug|Any CPU.ActiveCfg = Debug|Any CPU
		{0F8B344B-D3A3-4E47-A27B-0332C633C8B1}.Debug|Any CPU.Build.0 = Debug|Any CPU
		{0F8B344B-D3A3-4E47-A27B-0332C633C8B1}.Release|Any CPU.ActiveCfg = Release|Any CPU
		{0F8B344B-D3A3-4E47-A27B-0332C633C8B1}.Release|Any CPU.Build.0 = Release|Any CPU
		{B1D1B59E-315A-4259-B049-70217327435A}.Debug|Any CPU.ActiveCfg = Debug|Any CPU
		{B1D1B59E-315A-4259-B049-70217327435A}.Debug|Any CPU.Build.0 = Debug|Any CPU
		{B1D1B59E-315A-4259-B049-70217327435A}.Release|Any CPU.ActiveCfg = Release|Any CPU
		{B1D1B59E-315A-4259-B049-70217327435A}.Release|Any CPU.Build.0 = Release|Any CPU
	EndGlobalSection
	GlobalSection(SolutionProperties) = preSolution
		HideSolutionNode = FALSE
	EndGlobalSection
	GlobalSection(ExtensibilityGlobals) = postSolution
		SolutionGuid = {A0170876-4A5D-4A37-9896-97C39652652F}
	EndGlobalSection
EndGlobal
